
Microsoft Visual Studio Solution File, Format Version 12.00
# Visual Studio Version 17
VisualStudioVersion = 17.9.34622.214
MinimumVisualStudioVersion = 10.0.40219.1
Project("{FAE04EC0-301F-11D3-BF4B-00C04F79EFBC}") = "BlazorMasterDetailsCrudApp", "BlazorMasterDetailsCrudApp\BlazorMasterDetailsCrudApp\BlazorMasterDetailsCrudApp.csproj", "{785AE3C2-9094-44D1-B82F-68B8B72E5263}"
EndProject
Project("{FAE04EC0-301F-11D3-BF4B-00C04F79EFBC}") = "BlazorMasterDetailsCrudApp.Client", "BlazorMasterDetailsCrudApp\BlazorMasterDetailsCrudApp.Client\BlazorMasterDetailsCrudApp.Client.csproj", "{E97B48E6-F287-48C7-8907-F66423EF52F2}"
EndProject
Global
	GlobalSection(SolutionConfigurationPlatforms) = preSolution
		Debug|Any CPU = Debug|Any CPU
		Release|Any CPU = Release|Any CPU
	EndGlobalSection
	GlobalSection(ProjectConfigurationPlatforms) = postSolution
		{785AE3C2-9094-44D1-B82F-68B8B72E5263}.Debug|Any CPU.ActiveCfg = Debug|Any CPU
		{785AE3C2-9094-44D1-B82F-68B8B72E5263}.Debug|Any CPU.Build.0 = Debug|Any CPU
		{785AE3C2-9094-44D1-B82F-68B8B72E5263}.Release|Any CPU.ActiveCfg = Release|Any CPU
		{785AE3C2-9094-44D1-B82F-68B8B72E5263}.Release|Any CPU.Build.0 = Release|Any CPU
		{E97B48E6-F287-48C7-8907-F66423EF52F2}.Debug|Any CPU.ActiveCfg = Debug|Any CPU
		{E97B48E6-F287-48C7-8907-F66423EF52F2}.Debug|Any CPU.Build.0 = Debug|Any CPU
		{E97B48E6-F287-48C7-8907-F66423EF52F2}.Release|Any CPU.ActiveCfg = Release|Any CPU
		{E97B48E6-F287-48C7-8907-F66423EF52F2}.Release|Any CPU.Build.0 = Release|Any CPU
	EndGlobalSection
	GlobalSection(SolutionProperties) = preSolution
		HideSolutionNode = FALSE
	EndGlobalSection
	GlobalSection(ExtensibilityGlobals) = postSolution
		SolutionGuid = {A2FD07D8-992F-4E47-8518-671F37EC0503}
	EndGlobalSection
EndGlobal
